
Microsoft Visual Studio Solution File, Format Version 12.00
Project("{FAE04EC0-301F-11D3-BF4B-00C04F79EFBC}") = "CalculatorWebServiceApp", "CalculatorWebServiceApp\CalculatorWebServiceApp.csproj", "{1FDCF062-5558-4BDF-B055-B6B83C08F0DD}"
EndProject
Project("{FAE04EC0-301F-11D3-BF4B-00C04F79EFBC}") = "CalculatorEndToEndTests", "CalculatorEndToEndTests\CalculatorEndToEndTests.csproj", "{C29ADEDF-200A-4750-9341-C2B5A9B58F70}"
EndProject
Project("{FAE04EC0-301F-11D3-BF4B-00C04F79EFBC}") = "CalculatorEngine", "CalculatorEngine\CalculatorEngine.csproj", "{BD33759F-B214-4C35-A87B-DBF4D7B54793}"
EndProject
Project("{FAE04EC0-301F-11D3-BF4B-00C04F79EFBC}") = "CalculatorEngineUnitTests", "CalculatorEngineUnitTests\CalculatorEngineUnitTests.csproj", "{80846068-A40F-4F22-A5C9-B4CD513C06BC}"
EndProject
Global
	GlobalSection(SolutionConfigurationPlatforms) = preSolution
		Debug|Any CPU = Debug|Any CPU
		Release|Any CPU = Release|Any CPU
	EndGlobalSection
	GlobalSection(ProjectConfigurationPlatforms) = postSolution
		{1FDCF062-5558-4BDF-B055-B6B83C08F0DD}.Debug|Any CPU.ActiveCfg = Debug|Any CPU
		{1FDCF062-5558-4BDF-B055-B6B83C08F0DD}.Debug|Any CPU.Build.0 = Debug|Any CPU
		{1FDCF062-5558-4BDF-B055-B6B83C08F0DD}.Release|Any CPU.ActiveCfg = Release|Any CPU
		{1FDCF062-5558-4BDF-B055-B6B83C08F0DD}.Release|Any CPU.Build.0 = Release|Any CPU
		{C29ADEDF-200A-4750-9341-C2B5A9B58F70}.Debug|Any CPU.ActiveCfg = Debug|Any CPU
		{C29ADEDF-200A-4750-9341-C2B5A9B58F70}.Debug|Any CPU.Build.0 = Debug|Any CPU
		{C29ADEDF-200A-4750-9341-C2B5A9B58F70}.Release|Any CPU.ActiveCfg = Release|Any CPU
		{C29ADEDF-200A-4750-9341-C2B5A9B58F70}.Release|Any CPU.Build.0 = Release|Any CPU
		{BD33759F-B214-4C35-A87B-DBF4D7B54793}.Debug|Any CPU.ActiveCfg = Debug|Any CPU
		{BD33759F-B214-4C35-A87B-DBF4D7B54793}.Debug|Any CPU.Build.0 = Debug|Any CPU
		{BD33759F-B214-4C35-A87B-DBF4D7B54793}.Release|Any CPU.ActiveCfg = Release|Any CPU
		{BD33759F-B214-4C35-A87B-DBF4D7B54793}.Release|Any CPU.Build.0 = Release|Any CPU
		{80846068-A40F-4F22-A5C9-B4CD513C06BC}.Debug|Any CPU.ActiveCfg = Debug|Any CPU
		{80846068-A40F-4F22-A5C9-B4CD513C06BC}.Debug|Any CPU.Build.0 = Debug|Any CPU
		{80846068-A40F-4F22-A5C9-B4CD513C06BC}.Release|Any CPU.ActiveCfg = Release|Any CPU
		{80846068-A40F-4F22-A5C9-B4CD513C06BC}.Release|Any CPU.Build.0 = Release|Any CPU
	EndGlobalSection
EndGlobal
