
Microsoft Visual Studio Solution File, Format Version 12.00
Project("{FAE04EC0-301F-11D3-BF4B-00C04F79EFBC}") = "CalculatorEngine", "CalculatorEngine\CalculatorEngine.csproj", "{A96E4E3C-4C95-492B-8C74-09FC53C0A332}"
EndProject
Project("{FAE04EC0-301F-11D3-BF4B-00C04F79EFBC}") = "CalculatorEngineUnitTests", "CalculatorEngineUnitTests\CalculatorEngineUnitTests.csproj", "{28C8D934-F566-4E0E-8D15-D1092D41A353}"
EndProject
Project("{FAE04EC0-301F-11D3-BF4B-00C04F79EFBC}") = "CalculatorEndToEndTests", "CalculatorEndToEndTests\CalculatorEndToEndTests.csproj", "{45A887CA-AA56-40C0-ACF2-97FE054C238A}"
EndProject
Project("{FAE04EC0-301F-11D3-BF4B-00C04F79EFBC}") = "CalculatorWebServiceApp", "CalculatorWebServiceApp\CalculatorWebServiceApp.csproj", "{1FDCF062-5558-4BDF-B055-B6B83C08F0DD}"
EndProject
Global
	GlobalSection(SolutionConfigurationPlatforms) = preSolution
		Debug|Any CPU = Debug|Any CPU
		Release|Any CPU = Release|Any CPU
	EndGlobalSection
	GlobalSection(ProjectConfigurationPlatforms) = postSolution
		{A96E4E3C-4C95-492B-8C74-09FC53C0A332}.Debug|Any CPU.ActiveCfg = Debug|Any CPU
		{A96E4E3C-4C95-492B-8C74-09FC53C0A332}.Debug|Any CPU.Build.0 = Debug|Any CPU
		{A96E4E3C-4C95-492B-8C74-09FC53C0A332}.Release|Any CPU.ActiveCfg = Release|Any CPU
		{A96E4E3C-4C95-492B-8C74-09FC53C0A332}.Release|Any CPU.Build.0 = Release|Any CPU
		{28C8D934-F566-4E0E-8D15-D1092D41A353}.Debug|Any CPU.ActiveCfg = Debug|Any CPU
		{28C8D934-F566-4E0E-8D15-D1092D41A353}.Debug|Any CPU.Build.0 = Debug|Any CPU
		{28C8D934-F566-4E0E-8D15-D1092D41A353}.Release|Any CPU.ActiveCfg = Release|Any CPU
		{28C8D934-F566-4E0E-8D15-D1092D41A353}.Release|Any CPU.Build.0 = Release|Any CPU
		{45A887CA-AA56-40C0-ACF2-97FE054C238A}.Debug|Any CPU.ActiveCfg = Debug|Any CPU
		{45A887CA-AA56-40C0-ACF2-97FE054C238A}.Debug|Any CPU.Build.0 = Debug|Any CPU
		{45A887CA-AA56-40C0-ACF2-97FE054C238A}.Release|Any CPU.ActiveCfg = Release|Any CPU
		{45A887CA-AA56-40C0-ACF2-97FE054C238A}.Release|Any CPU.Build.0 = Release|Any CPU
		{1FDCF062-5558-4BDF-B055-B6B83C08F0DD}.Debug|Any CPU.ActiveCfg = Debug|Any CPU
		{1FDCF062-5558-4BDF-B055-B6B83C08F0DD}.Debug|Any CPU.Build.0 = Debug|Any CPU
		{1FDCF062-5558-4BDF-B055-B6B83C08F0DD}.Release|Any CPU.ActiveCfg = Release|Any CPU
		{1FDCF062-5558-4BDF-B055-B6B83C08F0DD}.Release|Any CPU.Build.0 = Release|Any CPU
	EndGlobalSection
EndGlobal
